PODS:
  - boost (1.76.0)
  - BVLinearGradient (2.6.2):
    - React-Core
  - CocoaAsyncSocket (7.6.5)
  - DoubleConversion (1.1.6)
  - FBLazyVector (0.70.14)
  - FBReactNativeSpec (0.70.14):
    - RCT-Folly (= 2021.07.22.00)
    - RCTRequired (= 0.70.14)
    - RCTTypeSafety (= 0.70.14)
    - React-Core (= 0.70.14)
    - React-jsi (= 0.70.14)
    - ReactCommon/turbomodule/core (= 0.70.14)
  - Flipper (0.163.0):
    - Flipper-Folly (~> 2.6)
  - Flipper-Boost-iOSX (1.76.0.1.11)
  - Flipper-DoubleConversion (3.2.0.1)
  - Flipper-Fmt (7.1.7)
  - Flipper-Folly (2.6.10):
    - Flipper-Boost-iOSX
    - Flipper-DoubleConversion
    - Flipper-Fmt (= 7.1.7)
    - Flipper-Glog
    - libevent (~> 2.1.12)
    - OpenSSL-Universal (= 1.1.1100)
  - Flipper-Glog (0.5.0.5)
  - Flipper-PeerTalk (0.0.4)
  - Flipper-RSocket (1.4.3):
    - Flipper-Folly (~> 2.6)
  - FlipperKit (0.163.0):
    - FlipperKit/Core (= 0.163.0)
  - FlipperKit/Core (0.163.0):
    - Flipper (~> 0.163.0)
    - FlipperKit/CppBridge
    - FlipperKit/FBCxxFollyDynamicConvert
    - FlipperKit/FBDefines
    - FlipperKit/FKPortForwarding
    - SocketRocket (~> 0.6.0)
  - FlipperKit/CppBridge (0.163.0):
    - Flipper (~> 0.163.0)
  - FlipperKit/FBCxxFollyDynamicConvert (0.163.0):
    - Flipper-Folly (~> 2.6)
  - FlipperKit/FBDefines (0.163.0)
  - FlipperKit/FKPortForwarding (0.163.0):
    - CocoaAsyncSocket (~> 7.6)
    - Flipper-PeerTalk (~> 0.0.4)
  - FlipperKit/FlipperKitHighlightOverlay (0.163.0)
  - FlipperKit/FlipperKitLayoutHelpers (0.163.0):
    - FlipperKit/Core
    - FlipperKit/FlipperKitHighlightOverlay
    - FlipperKit/FlipperKitLayoutTextSearchable
  - FlipperKit/FlipperKitLayoutIOSDescriptors (0.163.0):
    - FlipperKit/Core
    - FlipperKit/FlipperKitHighlightOverlay
    - FlipperKit/FlipperKitLayoutHelpers
    - YogaKit (~> 1.18)
  - FlipperKit/FlipperKitLayoutPlugin (0.163.0):
    - FlipperKit/Core
    - FlipperKit/FlipperKitHighlightOverlay
    - FlipperKit/FlipperKitLayoutHelpers
    - FlipperKit/FlipperKitLayoutIOSDescriptors
    - FlipperKit/FlipperKitLayoutTextSearchable
    - YogaKit (~> 1.18)
  - FlipperKit/FlipperKitLayoutTextSearchable (0.163.0)
  - FlipperKit/FlipperKitNetworkPlugin (0.163.0):
    - FlipperKit/Core
  - FlipperKit/FlipperKitReactPlugin (0.163.0):
    - FlipperKit/Core
  - FlipperKit/FlipperKitUserDefaultsPlugin (0.163.0):
    - FlipperKit/Core
  - FlipperKit/SKIOSNetworkPlugin (0.163.0):
    - FlipperKit/Core
    - FlipperKit/FlipperKitNetworkPlugin
  - fmt (6.2.1)
  - glog (0.3.5)
  - GoogleDataTransport (9.2.5):
    - GoogleUtilities/Environment (~> 7.7)
    - nanopb (< 2.30910.0, >= 2.30908.0)
    - PromisesObjC (< 3.0, >= 1.2)
  - GoogleMLKit/BarcodeScanning (4.0.0):
    - GoogleMLKit/MLKitCore
    - MLKitBarcodeScanning (~> 3.0.0)
  - GoogleMLKit/MLKitCore (4.0.0):
    - MLKitCommon (~> 9.0.0)
  - GoogleToolboxForMac/DebugUtils (2.3.2):
    - GoogleToolboxForMac/Defines (= 2.3.2)
  - GoogleToolboxForMac/Defines (2.3.2)
  - GoogleToolboxForMac/Logger (2.3.2):
    - GoogleToolboxForMac/Defines (= 2.3.2)
  - "GoogleToolboxForMac/NSData+zlib (2.3.2)":
    - GoogleToolboxForMac/Defines (= 2.3.2)
  - "GoogleToolboxForMac/NSDictionary+URLArguments (2.3.2)":
    - GoogleToolboxForMac/DebugUtils (= 2.3.2)
    - GoogleToolboxForMac/Defines (= 2.3.2)
    - "GoogleToolboxForMac/NSString+URLArguments (= 2.3.2)"
  - "GoogleToolboxForMac/NSString+URLArguments (2.3.2)"
  - GoogleUtilities/Environment (7.11.5):
    - PromisesObjC (< 3.0, >= 1.2)
  - GoogleUtilities/Logger (7.11.5):
    - GoogleUtilities/Environment
  - GoogleUtilities/UserDefaults (7.11.5):
    - GoogleUtilities/Logger
  - GoogleUtilitiesComponents (1.1.0):
    - GoogleUtilities/Logger
  - GTMSessionFetcher/Core (2.3.0)
  - hermes-engine (0.70.14)
  - jail-monkey (2.7.0):
    - React-Core
  - libevent (2.1.12)
  - MLImage (1.0.0-beta4)
  - MLKitBarcodeScanning (3.0.0):
    - MLKitCommon (~> 9.0)
    - MLKitVision (~> 5.0)
  - MLKitCommon (9.0.0):
    - GoogleDataTransport (~> 9.0)
    - GoogleToolboxForMac/Logger (~> 2.1)
    - "GoogleToolboxForMac/NSData+zlib (~> 2.1)"
    - "GoogleToolboxForMac/NSDictionary+URLArguments (~> 2.1)"
    - GoogleUtilities/UserDefaults (~> 7.0)
    - GoogleUtilitiesComponents (~> 1.0)
    - GTMSessionFetcher/Core (< 3.0, >= 1.1)
  - MLKitVision (5.0.0):
    - GoogleToolboxForMac/Logger (~> 2.1)
    - "GoogleToolboxForMac/NSData+zlib (~> 2.1)"
    - GTMSessionFetcher/Core (< 3.0, >= 1.1)
    - MLImage (= 1.0.0-beta4)
    - MLKitCommon (~> 9.0)
  - MMKV (1.3.1):
    - MMKVCore (~> 1.3.1)
  - MMKVCore (1.3.1)
  - nanopb (2.30909.0):
    - nanopb/decode (= 2.30909.0)
    - nanopb/encode (= 2.30909.0)
  - nanopb/decode (2.30909.0)
  - nanopb/encode (2.30909.0)
  - OpenSSL-Universal (1.1.1100)
  - PromisesObjC (2.3.1)
  - RCT-Folly (2021.07.22.00):
    - boost
    - DoubleConversion
    - fmt (~> 6.2.1)
    - glog
    - RCT-Folly/Default (= 2021.07.22.00)
  - RCT-Folly/Default (2021.07.22.00):
    - boost
    - DoubleConversion
    - fmt (~> 6.2.1)
    - glog
  - RCT-Folly/Futures (2021.07.22.00):
    - boost
    - DoubleConversion
    - fmt (~> 6.2.1)
    - glog
    - libevent
  - RCTRequired (0.70.14)
  - RCTTypeSafety (0.70.14):
    - FBLazyVector (= 0.70.14)
    - RCTRequired (= 0.70.14)
    - React-Core (= 0.70.14)
  - React (0.70.14):
    - React-Core (= 0.70.14)
    - React-Core/DevSupport (= 0.70.14)
    - React-Core/RCTWebSocket (= 0.70.14)
    - React-RCTActionSheet (= 0.70.14)
    - React-RCTAnimation (= 0.70.14)
    - React-RCTBlob (= 0.70.14)
    - React-RCTImage (= 0.70.14)
    - React-RCTLinking (= 0.70.14)
    - React-RCTNetwork (= 0.70.14)
    - React-RCTSettings (= 0.70.14)
    - React-RCTText (= 0.70.14)
    - React-RCTVibration (= 0.70.14)
  - React-bridging (0.70.14):
    - RCT-Folly (= 2021.07.22.00)
    - React-jsi (= 0.70.14)
  - React-callinvoker (0.70.14)
  - React-Codegen (0.70.14):
    - FBReactNativeSpec (= 0.70.14)
    - RCT-Folly (= 2021.07.22.00)
    - RCTRequired (= 0.70.14)
    - RCTTypeSafety (= 0.70.14)
    - React-Core (= 0.70.14)
    - React-jsi (= 0.70.14)
    - React-jsiexecutor (= 0.70.14)
    - ReactCommon/turbomodule/core (= 0.70.14)
  - React-Core (0.70.14):
    - glog
    - RCT-Folly (= 2021.07.22.00)
    - React-Core/Default (= 0.70.14)
    - React-cxxreact (= 0.70.14)
    - React-jsi (= 0.70.14)
    - React-jsiexecutor (= 0.70.14)
    - React-perflogger (= 0.70.14)
    - Yoga
  - React-Core/CoreModulesHeaders (0.70.14):
    - glog
    - RCT-Folly (= 2021.07.22.00)
    - React-Core/Default
    - React-cxxreact (= 0.70.14)
    - React-jsi (= 0.70.14)
    - React-jsiexecutor (= 0.70.14)
    - React-perflogger (= 0.70.14)
    - Yoga
  - React-Core/Default (0.70.14):
    - glog
    - RCT-Folly (= 2021.07.22.00)
    - React-cxxreact (= 0.70.14)
    - React-jsi (= 0.70.14)
    - React-jsiexecutor (= 0.70.14)
    - React-perflogger (= 0.70.14)
    - Yoga
  - React-Core/DevSupport (0.70.14):
    - glog
    - RCT-Folly (= 2021.07.22.00)
    - React-Core/Default (= 0.70.14)
    - React-Core/RCTWebSocket (= 0.70.14)
    - React-cxxreact (= 0.70.14)
    - React-jsi (= 0.70.14)
    - React-jsiexecutor (= 0.70.14)
    - React-jsinspector (= 0.70.14)
    - React-perflogger (= 0.70.14)
    - Yoga
  - React-Core/RCTActionSheetHeaders (0.70.14):
    - glog
    - RCT-Folly (= 2021.07.22.00)
    - React-Core/Default
    - React-cxxreact (= 0.70.14)
    - React-jsi (= 0.70.14)
    - React-jsiexecutor (= 0.70.14)
    - React-perflogger (= 0.70.14)
    - Yoga
  - React-Core/RCTAnimationHeaders (0.70.14):
    - glog
    - RCT-Folly (= 2021.07.22.00)
    - React-Core/Default
    - React-cxxreact (= 0.70.14)
    - React-jsi (= 0.70.14)
    - React-jsiexecutor (= 0.70.14)
    - React-perflogger (= 0.70.14)
    - Yoga
  - React-Core/RCTBlobHeaders (0.70.14):
    - glog
    - RCT-Folly (= 2021.07.22.00)
    - React-Core/Default
    - React-cxxreact (= 0.70.14)
    - React-jsi (= 0.70.14)
    - React-jsiexecutor (= 0.70.14)
    - React-perflogger (= 0.70.14)
    - Yoga
  - React-Core/RCTImageHeaders (0.70.14):
    - glog
    - RCT-Folly (= 2021.07.22.00)
    - React-Core/Default
    - React-cxxreact (= 0.70.14)
    - React-jsi (= 0.70.14)
    - React-jsiexecutor (= 0.70.14)
    - React-perflogger (= 0.70.14)
    - Yoga
  - React-Core/RCTLinkingHeaders (0.70.14):
    - glog
    - RCT-Folly (= 2021.07.22.00)
    - React-Core/Default
    - React-cxxreact (= 0.70.14)
    - React-jsi (= 0.70.14)
    - React-jsiexecutor (= 0.70.14)
    - React-perflogger (= 0.70.14)
    - Yoga
  - React-Core/RCTNetworkHeaders (0.70.14):
    - glog
    - RCT-Folly (= 2021.07.22.00)
    - React-Core/Default
    - React-cxxreact (= 0.70.14)
    - React-jsi (= 0.70.14)
    - React-jsiexecutor (= 0.70.14)
    - React-perflogger (= 0.70.14)
    - Yoga
  - React-Core/RCTSettingsHeaders (0.70.14):
    - glog
    - RCT-Folly (= 2021.07.22.00)
    - React-Core/Default
    - React-cxxreact (= 0.70.14)
    - React-jsi (= 0.70.14)
    - React-jsiexecutor (= 0.70.14)
    - React-perflogger (= 0.70.14)
    - Yoga
  - React-Core/RCTTextHeaders (0.70.14):
    - glog
    - RCT-Folly (= 2021.07.22.00)
    - React-Core/Default
    - React-cxxreact (= 0.70.14)
    - React-jsi (= 0.70.14)
    - React-jsiexecutor (= 0.70.14)
    - React-perflogger (= 0.70.14)
    - Yoga
  - React-Core/RCTVibrationHeaders (0.70.14):
    - glog
    - RCT-Folly (= 2021.07.22.00)
    - React-Core/Default
    - React-cxxreact (= 0.70.14)
    - React-jsi (= 0.70.14)
    - React-jsiexecutor (= 0.70.14)
    - React-perflogger (= 0.70.14)
    - Yoga
  - React-Core/RCTWebSocket (0.70.14):
    - glog
    - RCT-Folly (= 2021.07.22.00)
    - React-Core/Default (= 0.70.14)
    - React-cxxreact (= 0.70.14)
    - React-jsi (= 0.70.14)
    - React-jsiexecutor (= 0.70.14)
    - React-perflogger (= 0.70.14)
    - Yoga
  - React-CoreModules (0.70.14):
    - RCT-Folly (= 2021.07.22.00)
    - RCTTypeSafety (= 0.70.14)
    - React-Codegen (= 0.70.14)
    - React-Core/CoreModulesHeaders (= 0.70.14)
    - React-jsi (= 0.70.14)
    - React-RCTImage (= 0.70.14)
    - ReactCommon/turbomodule/core (= 0.70.14)
  - React-cxxreact (0.70.14):
    - boost (= 1.76.0)
    - DoubleConversion
    - glog
    - RCT-Folly (= 2021.07.22.00)
    - React-callinvoker (= 0.70.14)
    - React-jsi (= 0.70.14)
    - React-jsinspector (= 0.70.14)
    - React-logger (= 0.70.14)
    - React-perflogger (= 0.70.14)
    - React-runtimeexecutor (= 0.70.14)
  - React-hermes (0.70.14):
    - DoubleConversion
    - glog
    - hermes-engine
    - RCT-Folly (= 2021.07.22.00)
    - RCT-Folly/Futures (= 2021.07.22.00)
    - React-cxxreact (= 0.70.14)
    - React-jsi (= 0.70.14)
    - React-jsiexecutor (= 0.70.14)
    - React-jsinspector (= 0.70.14)
    - React-perflogger (= 0.70.14)
  - React-jsi (0.70.14):
    - boost (= 1.76.0)
    - DoubleConversion
    - glog
    - RCT-Folly (= 2021.07.22.00)
    - React-jsi/Default (= 0.70.14)
  - React-jsi/Default (0.70.14):
    - boost (= 1.76.0)
    - DoubleConversion
    - glog
    - RCT-Folly (= 2021.07.22.00)
  - React-jsiexecutor (0.70.14):
    - DoubleConversion
    - glog
    - RCT-Folly (= 2021.07.22.00)
    - React-cxxreact (= 0.70.14)
    - React-jsi (= 0.70.14)
    - React-perflogger (= 0.70.14)
  - React-jsinspector (0.70.14)
  - React-logger (0.70.14):
    - glog
  - react-native-background-timer (2.4.1):
    - React-Core
  - react-native-config (1.4.11):
    - react-native-config/App (= 1.4.11)
  - react-native-config/App (1.4.11):
    - React-Core
  - react-native-flipper (0.163.0):
    - React-Core
  - react-native-get-random-values (1.9.0):
    - React-Core
  - react-native-mmkv (2.5.1):
    - MMKV (>= 1.2.13)
    - React-Core
  - react-native-netinfo (9.4.1):
    - React-Core
  - react-native-randombytes (3.6.1):
    - React-Core
  - react-native-safe-area-context (4.4.1):
    - RCT-Folly
    - RCTRequired
    - RCTTypeSafety
    - React-Core
    - ReactCommon/turbomodule/core
  - react-native-ssl-public-key-pinning (1.1.3):
    - React-Core
    - React-RCTNetwork
    - TrustKit
  - React-perflogger (0.70.14)
  - React-RCTActionSheet (0.70.14):
    - React-Core/RCTActionSheetHeaders (= 0.70.14)
  - React-RCTAnimation (0.70.14):
    - RCT-Folly (= 2021.07.22.00)
    - RCTTypeSafety (= 0.70.14)
    - React-Codegen (= 0.70.14)
    - React-Core/RCTAnimationHeaders (= 0.70.14)
    - React-jsi (= 0.70.14)
    - ReactCommon/turbomodule/core (= 0.70.14)
  - React-RCTBlob (0.70.14):
    - RCT-Folly (= 2021.07.22.00)
    - React-Codegen (= 0.70.14)
    - React-Core/RCTBlobHeaders (= 0.70.14)
    - React-Core/RCTWebSocket (= 0.70.14)
    - React-jsi (= 0.70.14)
    - React-RCTNetwork (= 0.70.14)
    - ReactCommon/turbomodule/core (= 0.70.14)
  - React-RCTImage (0.70.14):
    - RCT-Folly (= 2021.07.22.00)
    - RCTTypeSafety (= 0.70.14)
    - React-Codegen (= 0.70.14)
    - React-Core/RCTImageHeaders (= 0.70.14)
    - React-jsi (= 0.70.14)
    - React-RCTNetwork (= 0.70.14)
    - ReactCommon/turbomodule/core (= 0.70.14)
  - React-RCTLinking (0.70.14):
    - React-Codegen (= 0.70.14)
    - React-Core/RCTLinkingHeaders (= 0.70.14)
    - React-jsi (= 0.70.14)
    - ReactCommon/turbomodule/core (= 0.70.14)
  - React-RCTNetwork (0.70.14):
    - RCT-Folly (= 2021.07.22.00)
    - RCTTypeSafety (= 0.70.14)
    - React-Codegen (= 0.70.14)
    - React-Core/RCTNetworkHeaders (= 0.70.14)
    - React-jsi (= 0.70.14)
    - ReactCommon/turbomodule/core (= 0.70.14)
  - React-RCTSettings (0.70.14):
    - RCT-Folly (= 2021.07.22.00)
    - RCTTypeSafety (= 0.70.14)
    - React-Codegen (= 0.70.14)
    - React-Core/RCTSettingsHeaders (= 0.70.14)
    - React-jsi (= 0.70.14)
    - ReactCommon/turbomodule/core (= 0.70.14)
  - React-RCTText (0.70.14):
    - React-Core/RCTTextHeaders (= 0.70.14)
  - React-RCTVibration (0.70.14):
    - RCT-Folly (= 2021.07.22.00)
    - React-Codegen (= 0.70.14)
    - React-Core/RCTVibrationHeaders (= 0.70.14)
    - React-jsi (= 0.70.14)
    - ReactCommon/turbomodule/core (= 0.70.14)
  - React-runtimeexecutor (0.70.14):
    - React-jsi (= 0.70.14)
  - ReactCommon/turbomodule/core (0.70.14):
    - DoubleConversion
    - glog
    - RCT-Folly (= 2021.07.22.00)
    - React-bridging (= 0.70.14)
    - React-callinvoker (= 0.70.14)
    - React-Core (= 0.70.14)
    - React-cxxreact (= 0.70.14)
    - React-jsi (= 0.70.14)
    - React-logger (= 0.70.14)
    - React-perflogger (= 0.70.14)
  - RNBootSplash (5.0.4):
    - React-Core
  - RNCAsyncStorage (1.19.0):
    - React-Core
  - RNCClipboard (1.5.1):
    - React-Core
  - RNDeviceInfo (10.3.0):
    - React-Core
  - RNGestureHandler (2.10.2):
    - React-Core
  - RNKeychain (8.1.1):
    - React-Core
  - RNQrGenerator (1.3.1):
    - React
    - ZXingObjC
  - RNReanimated (2.17.0):
    - DoubleConversion
    - FBLazyVector
    - FBReactNativeSpec
    - glog
    - RCT-Folly
    - RCTRequired
    - RCTTypeSafety
    - React-callinvoker
    - React-Core
    - React-Core/DevSupport
    - React-Core/RCTWebSocket
    - React-CoreModules
    - React-cxxreact
    - React-jsi
    - React-jsiexecutor
    - React-jsinspector
    - React-RCTActionSheet
    - React-RCTAnimation
    - React-RCTBlob
    - React-RCTImage
    - React-RCTLinking
    - React-RCTNetwork
    - React-RCTSettings
    - React-RCTText
    - ReactCommon/turbomodule/core
    - Yoga
  - RNScreens (3.18.2):
    - React-Core
    - React-RCTImage
  - RNScreenshotPrevent (1.1.9):
    - React
  - RNSVG (12.4.4):
    - React-Core
  - RNVectorIcons (9.2.0):
    - React-Core
  - SocketRocket (0.6.1)
  - TrustKit (3.0.3)
  - vision-camera-code-scanner (0.2.0):
    - GoogleMLKit/BarcodeScanning
    - React-Core
  - VisionCamera (2.15.2):
    - React
    - React-callinvoker
    - React-Core
  - Yoga (1.14.0)
  - YogaKit (1.18.1):
    - Yoga (~> 1.14)
  - ZXingObjC (3.6.9):
    - ZXingObjC/All (= 3.6.9)
  - ZXingObjC/All (3.6.9)

DEPENDENCIES:
  - boost (from `../node_modules/react-native/third-party-podspecs/boost.podspec`)
  - BVLinearGradient (from `../node_modules/react-native-linear-gradient`)
  - DoubleConversion (from `../node_modules/react-native/third-party-podspecs/DoubleConversion.podspec`)
  - FBLazyVector (from `../node_modules/react-native/Libraries/FBLazyVector`)
  - FBReactNativeSpec (from `../node_modules/react-native/React/FBReactNativeSpec`)
  - Flipper (= 0.163.0)
  - Flipper-Boost-iOSX (= 1.76.0.1.11)
  - Flipper-DoubleConversion (= 3.2.0.1)
  - Flipper-Fmt (= 7.1.7)
  - Flipper-Folly (= 2.6.10)
  - Flipper-Glog (= 0.5.0.5)
  - Flipper-PeerTalk (= 0.0.4)
  - Flipper-RSocket (= 1.4.3)
  - FlipperKit (= 0.163.0)
  - FlipperKit/Core (= 0.163.0)
  - FlipperKit/CppBridge (= 0.163.0)
  - FlipperKit/FBCxxFollyDynamicConvert (= 0.163.0)
  - FlipperKit/FBDefines (= 0.163.0)
  - FlipperKit/FKPortForwarding (= 0.163.0)
  - FlipperKit/FlipperKitHighlightOverlay (= 0.163.0)
  - FlipperKit/FlipperKitLayoutPlugin (= 0.163.0)
  - FlipperKit/FlipperKitLayoutTextSearchable (= 0.163.0)
  - FlipperKit/FlipperKitNetworkPlugin (= 0.163.0)
  - FlipperKit/FlipperKitReactPlugin (= 0.163.0)
  - FlipperKit/FlipperKitUserDefaultsPlugin (= 0.163.0)
  - FlipperKit/SKIOSNetworkPlugin (= 0.163.0)
  - glog (from `../node_modules/react-native/third-party-podspecs/glog.podspec`)
  - hermes-engine (from `../node_modules/react-native/sdks/hermes/hermes-engine.podspec`)
  - jail-monkey (from `../node_modules/jail-monkey`)
  - libevent (~> 2.1.12)
  - OpenSSL-Universal (= 1.1.1100)
  - RCT-Folly (from `../node_modules/react-native/third-party-podspecs/RCT-Folly.podspec`)
  - RCTRequired (from `../node_modules/react-native/Libraries/RCTRequired`)
  - RCTTypeSafety (from `../node_modules/react-native/Libraries/TypeSafety`)
  - React (from `../node_modules/react-native/`)
  - React-bridging (from `../node_modules/react-native/ReactCommon`)
  - React-callinvoker (from `../node_modules/react-native/ReactCommon/callinvoker`)
  - React-Codegen (from `build/generated/ios`)
  - React-Core (from `../node_modules/react-native/`)
  - React-Core/DevSupport (from `../node_modules/react-native/`)
  - React-Core/RCTWebSocket (from `../node_modules/react-native/`)
  - React-CoreModules (from `../node_modules/react-native/React/CoreModules`)
  - React-cxxreact (from `../node_modules/react-native/ReactCommon/cxxreact`)
  - React-hermes (from `../node_modules/react-native/ReactCommon/hermes`)
  - React-jsi (from `../node_modules/react-native/ReactCommon/jsi`)
  - React-jsiexecutor (from `../node_modules/react-native/ReactCommon/jsiexecutor`)
  - React-jsinspector (from `../node_modules/react-native/ReactCommon/jsinspector`)
  - React-logger (from `../node_modules/react-native/ReactCommon/logger`)
  - react-native-background-timer (from `../node_modules/react-native-background-timer`)
  - react-native-config (from `../node_modules/react-native-config`)
  - react-native-flipper (from `../node_modules/react-native-flipper`)
  - react-native-get-random-values (from `../node_modules/react-native-get-random-values`)
  - react-native-mmkv (from `../node_modules/react-native-mmkv`)
  - "react-native-netinfo (from `../node_modules/@react-native-community/netinfo`)"
  - react-native-randombytes (from `../node_modules/react-native-randombytes`)
  - react-native-safe-area-context (from `../node_modules/react-native-safe-area-context`)
  - react-native-ssl-public-key-pinning (from `../node_modules/react-native-ssl-public-key-pinning`)
  - React-perflogger (from `../node_modules/react-native/ReactCommon/reactperflogger`)
  - React-RCTActionSheet (from `../node_modules/react-native/Libraries/ActionSheetIOS`)
  - React-RCTAnimation (from `../node_modules/react-native/Libraries/NativeAnimation`)
  - React-RCTBlob (from `../node_modules/react-native/Libraries/Blob`)
  - React-RCTImage (from `../node_modules/react-native/Libraries/Image`)
  - React-RCTLinking (from `../node_modules/react-native/Libraries/LinkingIOS`)
  - React-RCTNetwork (from `../node_modules/react-native/Libraries/Network`)
  - React-RCTSettings (from `../node_modules/react-native/Libraries/Settings`)
  - React-RCTText (from `../node_modules/react-native/Libraries/Text`)
  - React-RCTVibration (from `../node_modules/react-native/Libraries/Vibration`)
  - React-runtimeexecutor (from `../node_modules/react-native/ReactCommon/runtimeexecutor`)
  - ReactCommon/turbomodule/core (from `../node_modules/react-native/ReactCommon`)
  - RNBootSplash (from `../node_modules/react-native-bootsplash`)
  - "RNCAsyncStorage (from `../node_modules/@react-native-async-storage/async-storage`)"
  - "RNCClipboard (from `../node_modules/@react-native-community/clipboard`)"
  - RNDeviceInfo (from `../node_modules/react-native-device-info`)
  - RNGestureHandler (from `../node_modules/react-native-gesture-handler`)
  - RNKeychain (from `../node_modules/react-native-keychain`)
  - RNQrGenerator (from `../node_modules/rn-qr-generator`)
  - RNReanimated (from `../node_modules/react-native-reanimated`)
  - RNScreens (from `../node_modules/react-native-screens`)
  - RNScreenshotPrevent (from `../node_modules/react-native-screenshot-prevent`)
  - RNSVG (from `../node_modules/react-native-svg`)
  - RNVectorIcons (from `../node_modules/react-native-vector-icons`)
  - vision-camera-code-scanner (from `../node_modules/vision-camera-code-scanner`)
  - VisionCamera (from `../node_modules/react-native-vision-camera`)
  - Yoga (from `../node_modules/react-native/ReactCommon/yoga`)

SPEC REPOS:
  trunk:
    - CocoaAsyncSocket
    - Flipper
    - Flipper-Boost-iOSX
    - Flipper-DoubleConversion
    - Flipper-Fmt
    - Flipper-Folly
    - Flipper-Glog
    - Flipper-PeerTalk
    - Flipper-RSocket
    - FlipperKit
    - fmt
    - GoogleDataTransport
    - GoogleMLKit
    - GoogleToolboxForMac
    - GoogleUtilities
    - GoogleUtilitiesComponents
    - GTMSessionFetcher
    - libevent
    - MLImage
    - MLKitBarcodeScanning
    - MLKitCommon
    - MLKitVision
    - MMKV
    - MMKVCore
    - nanopb
    - OpenSSL-Universal
    - PromisesObjC
    - SocketRocket
    - TrustKit
    - YogaKit
    - ZXingObjC

EXTERNAL SOURCES:
  boost:
    :podspec: "../node_modules/react-native/third-party-podspecs/boost.podspec"
  BVLinearGradient:
    :path: "../node_modules/react-native-linear-gradient"
  DoubleConversion:
    :podspec: "../node_modules/react-native/third-party-podspecs/DoubleConversion.podspec"
  FBLazyVector:
    :path: "../node_modules/react-native/Libraries/FBLazyVector"
  FBReactNativeSpec:
    :path: "../node_modules/react-native/React/FBReactNativeSpec"
  glog:
    :podspec: "../node_modules/react-native/third-party-podspecs/glog.podspec"
  hermes-engine:
    :podspec: "../node_modules/react-native/sdks/hermes/hermes-engine.podspec"
  jail-monkey:
    :path: "../node_modules/jail-monkey"
  RCT-Folly:
    :podspec: "../node_modules/react-native/third-party-podspecs/RCT-Folly.podspec"
  RCTRequired:
    :path: "../node_modules/react-native/Libraries/RCTRequired"
  RCTTypeSafety:
    :path: "../node_modules/react-native/Libraries/TypeSafety"
  React:
    :path: "../node_modules/react-native/"
  React-bridging:
    :path: "../node_modules/react-native/ReactCommon"
  React-callinvoker:
    :path: "../node_modules/react-native/ReactCommon/callinvoker"
  React-Codegen:
    :path: build/generated/ios
  React-Core:
    :path: "../node_modules/react-native/"
  React-CoreModules:
    :path: "../node_modules/react-native/React/CoreModules"
  React-cxxreact:
    :path: "../node_modules/react-native/ReactCommon/cxxreact"
  React-hermes:
    :path: "../node_modules/react-native/ReactCommon/hermes"
  React-jsi:
    :path: "../node_modules/react-native/ReactCommon/jsi"
  React-jsiexecutor:
    :path: "../node_modules/react-native/ReactCommon/jsiexecutor"
  React-jsinspector:
    :path: "../node_modules/react-native/ReactCommon/jsinspector"
  React-logger:
    :path: "../node_modules/react-native/ReactCommon/logger"
  react-native-background-timer:
    :path: "../node_modules/react-native-background-timer"
  react-native-config:
    :path: "../node_modules/react-native-config"
  react-native-flipper:
    :path: "../node_modules/react-native-flipper"
  react-native-get-random-values:
    :path: "../node_modules/react-native-get-random-values"
  react-native-mmkv:
    :path: "../node_modules/react-native-mmkv"
  react-native-netinfo:
    :path: "../node_modules/@react-native-community/netinfo"
  react-native-randombytes:
    :path: "../node_modules/react-native-randombytes"
  react-native-safe-area-context:
    :path: "../node_modules/react-native-safe-area-context"
  react-native-ssl-public-key-pinning:
    :path: "../node_modules/react-native-ssl-public-key-pinning"
  React-perflogger:
    :path: "../node_modules/react-native/ReactCommon/reactperflogger"
  React-RCTActionSheet:
    :path: "../node_modules/react-native/Libraries/ActionSheetIOS"
  React-RCTAnimation:
    :path: "../node_modules/react-native/Libraries/NativeAnimation"
  React-RCTBlob:
    :path: "../node_modules/react-native/Libraries/Blob"
  React-RCTImage:
    :path: "../node_modules/react-native/Libraries/Image"
  React-RCTLinking:
    :path: "../node_modules/react-native/Libraries/LinkingIOS"
  React-RCTNetwork:
    :path: "../node_modules/react-native/Libraries/Network"
  React-RCTSettings:
    :path: "../node_modules/react-native/Libraries/Settings"
  React-RCTText:
    :path: "../node_modules/react-native/Libraries/Text"
  React-RCTVibration:
    :path: "../node_modules/react-native/Libraries/Vibration"
  React-runtimeexecutor:
    :path: "../node_modules/react-native/ReactCommon/runtimeexecutor"
  ReactCommon:
    :path: "../node_modules/react-native/ReactCommon"
  RNBootSplash:
    :path: "../node_modules/react-native-bootsplash"
  RNCAsyncStorage:
    :path: "../node_modules/@react-native-async-storage/async-storage"
  RNCClipboard:
    :path: "../node_modules/@react-native-community/clipboard"
  RNDeviceInfo:
    :path: "../node_modules/react-native-device-info"
  RNGestureHandler:
    :path: "../node_modules/react-native-gesture-handler"
  RNKeychain:
    :path: "../node_modules/react-native-keychain"
  RNQrGenerator:
    :path: "../node_modules/rn-qr-generator"
  RNReanimated:
    :path: "../node_modules/react-native-reanimated"
  RNScreens:
    :path: "../node_modules/react-native-screens"
  RNScreenshotPrevent:
    :path: "../node_modules/react-native-screenshot-prevent"
  RNSVG:
    :path: "../node_modules/react-native-svg"
  RNVectorIcons:
    :path: "../node_modules/react-native-vector-icons"
  vision-camera-code-scanner:
    :path: "../node_modules/vision-camera-code-scanner"
  VisionCamera:
    :path: "../node_modules/react-native-vision-camera"
  Yoga:
    :path: "../node_modules/react-native/ReactCommon/yoga"

SPEC CHECKSUMS:
  boost: a7c83b31436843459a1961bfd74b96033dc77234
  BVLinearGradient: 34a999fda29036898a09c6a6b728b0b4189e1a44
  CocoaAsyncSocket: 065fd1e645c7abab64f7a6a2007a48038fdc6a99
  DoubleConversion: 5189b271737e1565bdce30deb4a08d647e3f5f54
  FBLazyVector: efad4471d02263013cfcb7a2f75de6ac7565692f
  FBReactNativeSpec: 9cd9542bfdcc64e07bc649f809dd621876f78619
  Flipper: 3f748432f5557ee89b9f84f73cc567c0858a2322
  Flipper-Boost-iOSX: fd1e2b8cbef7e662a122412d7ac5f5bea715403c
  Flipper-DoubleConversion: 2dc99b02f658daf147069aad9dbd29d8feb06d30
  Flipper-Fmt: 60cbdd92fc254826e61d669a5d87ef7015396a9b
  Flipper-Folly: 584845625005ff068a6ebf41f857f468decd26b3
  Flipper-Glog: 70c50ce58ddaf67dc35180db05f191692570f446
  Flipper-PeerTalk: 116d8f857dc6ef55c7a5a75ea3ceaafe878aadc9
  Flipper-RSocket: d9d9ade67cbecf6ac10730304bf5607266dd2541
  FlipperKit: 0674bb0e923016a5296838ae2aa9a10e7efc6b91
  fmt: ff9d55029c625d3757ed641535fd4a75fedc7ce9
  glog: 04b94705f318337d7ead9e6d17c019bd9b1f6b1b
  GoogleDataTransport: 54dee9d48d14580407f8f5fbf2f496e92437a2f2
  GoogleMLKit: 2bd0dc6253c4d4f227aad460f69215a504b2980e
  GoogleToolboxForMac: 8bef7c7c5cf7291c687cf5354f39f9db6399ad34
  GoogleUtilities: 13e2c67ede716b8741c7989e26893d151b2b2084
  GoogleUtilitiesComponents: 679b2c881db3b615a2777504623df6122dd20afe
  GTMSessionFetcher: 3a63d75eecd6aa32c2fc79f578064e1214dfdec2
  hermes-engine: af3982923f6d1af884ece80592bd40be2c62e064
  jail-monkey: de7eab0c9cbe4e7cdd2f80d04f812337ae94b2e0
  libevent: 4049cae6c81cdb3654a443be001fb9bdceff7913
  MLImage: 7bb7c4264164ade9bf64f679b40fb29c8f33ee9b
  MLKitBarcodeScanning: 04e264482c5f3810cb89ebc134ef6b61e67db505
  MLKitCommon: c1b791c3e667091918d91bda4bba69a91011e390
  MLKitVision: 8baa5f46ee3352614169b85250574fde38c36f49
  MMKV: 5a07930c70c70b86cd87761a42c8f3836fb681d7
  MMKVCore: e50135dbd33235b6ab390635991bab437ab873c0
  nanopb: b552cce312b6c8484180ef47159bc0f65a1f0431
  OpenSSL-Universal: ebc357f1e6bc71fa463ccb2fe676756aff50e88c
  PromisesObjC: c50d2056b5253dadbd6c2bea79b0674bd5a52fa4
  RCT-Folly: 0080d0a6ebf2577475bda044aa59e2ca1f909cda
  RCTRequired: 6f42727926c2ef4836fc23169586f3d8d7f5a6e4
  RCTTypeSafety: de9b538a8f20ae8c780bf38935f37f303b083fc8
  React: 6604c02c25295898e9332c5dbe5d6f140be1e246
  React-bridging: 55de000607b776d7c9b1333f38d1991ef25bf915
  React-callinvoker: aa42aaefd72dbe9218c112fd503eff7ab782bd11
  React-Codegen: 9e13e901ac4d4c46349c2db28b8774fa4274ec18
  React-Core: b046bbaddd981014eaac20cef83de953a0405c1b
  React-CoreModules: 4f0b29e5924b06a868983952265f77fed219f349
  React-cxxreact: 818c9b06607f7972e95eeacb326389429c6a2d38
  React-hermes: 7dcff7820e8ef8146b401432ab30f7c5229d1a18
  React-jsi: 0bf359879bc4c2c908204b1cd789b0a727a7a568
  React-jsiexecutor: 03144eeee729e6a6cb8d7ff2d5653b67315f8f31
  React-jsinspector: 6538dfb58970d1fb9d89c9c34e87713ece6c3cf0
  React-logger: 4e9c3f888b4b5bb72a3ac7f1be7929e776181016
  react-native-background-timer: 17ea5e06803401a379ebf1f20505b793ac44d0fe
  react-native-config: bcafda5b4c51491ee1b0e1d0c4e3905bc7b56c1b
  react-native-flipper: 2d552a8178d839ef378220101fb7f0cd5b2a8003
  react-native-get-random-values: dee677497c6a740b71e5612e8dbd83e7539ed5bb
  react-native-mmkv: 69b9c003f10afdd01addf7c6ee784ce42ee2eff3
  react-native-netinfo: fefd4e98d75cbdd6e85fc530f7111a8afdf2b0c5
  react-native-randombytes: 421f1c7d48c0af8dbcd471b0324393ebf8fe7846
  react-native-safe-area-context: 99b24a0c5acd0d5dcac2b1a7f18c49ea317be99a
  react-native-ssl-public-key-pinning: 7b5272efa81144da691d0a27bcd853e2df3d8cef
  React-perflogger: 74b2d33200b8c26440c2c39b87a4177d8404655f
  React-RCTActionSheet: 3fdf6b3a85f2ea4b365b267efd9c82aaeb20fe33
  React-RCTAnimation: 9659d5ed57ccbd129516486b2cce38e536841337
  React-RCTBlob: 49ac98cfd9476af046814a2c9126fca1bf0cbe75
  React-RCTImage: b4d2d7d14ad9389bd645bc2daa706ccaead3fc44
  React-RCTLinking: ebf051ed2532652e5290e4fb7c017c42e4e1f0d2
  React-RCTNetwork: 1636df1f91d4c5ad8815ef93f695931af1c0a842
  React-RCTSettings: f6306171fd5d3cd8c5fa0b1803da599784ead5c5
  React-RCTText: 53c106b5fb9e263c2f1e5d6b0733049989d6c428
  React-RCTVibration: d293c50100c0927379e6a80fab86a219e08792ae
  React-runtimeexecutor: 0d01d03375f996484fcc231ccca3fe604a4a5652
  ReactCommon: dce64235f8548b6e4758647310145f5356c8d0cb
  RNBootSplash: 334668c563e44287ca39d03aa3f738a3c35a74a6
  RNCAsyncStorage: 4b98ac3c64efa4e35c1197cb0c5ca5e9f5d4c666
  RNCClipboard: 41d8d918092ae8e676f18adada19104fa3e68495
  RNDeviceInfo: 4701f0bf2a06b34654745053db0ce4cb0c53ada7
  RNGestureHandler: f75d81410b40aaa99e71ae8f8bb7a88620c95042
  RNKeychain: ff836453cba46938e0e9e4c22e43d43fa2c90333
  RNQrGenerator: 90461ba3ca88c1d38ef73da50fade35d9648215d
  RNReanimated: bec7736122a268883bdede07f1bf9cf4b40158db
  RNScreens: 34cc502acf1b916c582c60003dc3089fa01dc66d
  RNScreenshotPrevent: cdfbe213203774c7486c6a2f198af8a4ebe10c47
  RNSVG: ecd661f380a07ba690c9c5929c475a44f432d674
  RNVectorIcons: fcc2f6cb32f5735b586e66d14103a74ce6ad61f8
  SocketRocket: f32cd54efbe0f095c4d7594881e52619cfe80b17
  TrustKit: 7858ea59d0e226b1457b2e9cc8b95d77ab21d471
  vision-camera-code-scanner: dda884a7f3ec8243a2a6d6489b91860648371bca
  VisionCamera: 4cfd685b1e671fea4aa0400905ab397f0e972210
  Yoga: 56413d530d1808044600320ced5baa883acedc44
  YogaKit: f782866e155069a2cca2517aafea43200b01fd5a
  ZXingObjC: 8898711ab495761b2dbbdec76d90164a6d7e14c5

PODFILE CHECKSUM: 078a56513c6ebe1366f300f18d66914e074eca6f

COCOAPODS: 1.14.3
